
Microsoft Visual Studio Solution File, Format Version 12.00
# Visual Studio Version 16
VisualStudioVersion = 16.0.32413.511
MinimumVisualStudioVersion = 10.0.40219.1
Project("{8BC9CEB8-8B4A-11D0-8D11-00A0C91BC942}") = "Designer", "Designer\Designer.vcxproj", "{99DE7413-AC87-4BDC-8024-900AE71D578D}"
EndProject
Project("{8BC9CEB8-8B4A-11D0-8D11-00A0C91BC942}") = "Console", "Console\Console.vcxproj", "{5C7EC40A-1E74-458C-AD4D-0E40B58CEE4A}"
EndProject
Global
	GlobalSection(SolutionConfigurationPlatforms) = preSolution
		Debug|x64 = Debug|x64
		Release|x64 = Release|x64
	EndGlobalSection
	GlobalSection(ProjectConfigurationPlatforms) = postSolution
		{99DE7413-AC87-4BDC-8024-900AE71D578D}.Debug|x64.ActiveCfg = Debug|x64
		{99DE7413-AC87-4BDC-8024-900AE71D578D}.Debug|x64.Build.0 = Debug|x64
		{99DE7413-AC87-4BDC-8024-900AE71D578D}.Release|x64.ActiveCfg = Release|x64
		{99DE7413-AC87-4BDC-8024-900AE71D578D}.Release|x64.Build.0 = Release|x64
		{5C7EC40A-1E74-458C-AD4D-0E40B58CEE4A}.Debug|x64.ActiveCfg = Debug|x64
		{5C7EC40A-1E74-458C-AD4D-0E40B58CEE4A}.Debug|x64.Build.0 = Debug|x64
		{5C7EC40A-1E74-458C-AD4D-0E40B58CEE4A}.Release|x64.ActiveCfg = Release|x64
		{5C7EC40A-1E74-458C-AD4D-0E40B58CEE4A}.Release|x64.Build.0 = Release|x64
	EndGlobalSection
	GlobalSection(SolutionProperties) = preSolution
		HideSolutionNode = FALSE
	EndGlobalSection
	GlobalSection(ExtensibilityGlobals) = postSolution
		SolutionGuid = {B8F508EF-091B-4C80-85F8-7AD54642C582}
	EndGlobalSection
EndGlobal
